
Microsoft Visual Studio Solution File, Format Version 12.00
# Visual Studio Version 16
VisualStudioVersion = 16.0.31105.61
MinimumVisualStudioVersion = 10.0.40219.1
Project("{9A19103F-16F7-4668-BE54-9A1E7A4F7556}") = "Simbirsoft_Weather", "Simbirsoft_Weather\Simbirsoft_Weather.csproj", "{EA594AB9-636F-4346-83D0-54341B9F66A0}"
EndProject
Project("{FAE04EC0-301F-11D3-BF4B-00C04F79EFBC}") = "Simbirsoft_Weather.Tests", "Simbirsoft_Weather.Tests\Simbirsoft_Weather.Tests.csproj", "{ABDD10A1-AA06-4E2C-B5B9-1122206603C4}"
EndProject
Global
	GlobalSection(SolutionConfigurationPlatforms) = preSolution
		Debug|Any CPU = Debug|Any CPU
		Release|Any CPU = Release|Any CPU
	EndGlobalSection
	GlobalSection(ProjectConfigurationPlatforms) = postSolution
		{EA594AB9-636F-4346-83D0-54341B9F66A0}.Debug|Any CPU.ActiveCfg = Debug|Any CPU
		{EA594AB9-636F-4346-83D0-54341B9F66A0}.Debug|Any CPU.Build.0 = Debug|Any CPU
		{EA594AB9-636F-4346-83D0-54341B9F66A0}.Release|Any CPU.ActiveCfg = Release|Any CPU
		{EA594AB9-636F-4346-83D0-54341B9F66A0}.Release|Any CPU.Build.0 = Release|Any CPU
		{ABDD10A1-AA06-4E2C-B5B9-1122206603C4}.Debug|Any CPU.ActiveCfg = Debug|Any CPU
		{ABDD10A1-AA06-4E2C-B5B9-1122206603C4}.Debug|Any CPU.Build.0 = Debug|Any CPU
		{ABDD10A1-AA06-4E2C-B5B9-1122206603C4}.Release|Any CPU.ActiveCfg = Release|Any CPU
		{ABDD10A1-AA06-4E2C-B5B9-1122206603C4}.Release|Any CPU.Build.0 = Release|Any CPU
	EndGlobalSection
	GlobalSection(SolutionProperties) = preSolution
		HideSolutionNode = FALSE
	EndGlobalSection
	GlobalSection(ExtensibilityGlobals) = postSolution
		SolutionGuid = {D789D17B-4E87-4FA0-97B4-B89C2CF083A2}
	EndGlobalSection
EndGlobal
